
Microsoft Visual Studio Solution File, Format Version 12.00
# Visual Studio Version 16
VisualStudioVersion = 16.0.30225.117
MinimumVisualStudioVersion = 10.0.40219.1
Project("{9A19103F-16F7-4668-BE54-9A1E7A4F7556}") = "SecureAPI", "SecureAPI.csproj", "{DFE143CF-C572-4907-BD77-11A9F8D7D79B}"
EndProject
Global
	GlobalSection(SolutionConfigurationPlatforms) = preSolution
		Debug|Any CPU = Debug|Any CPU
		Release|Any CPU = Release|Any CPU
	EndGlobalSection
	GlobalSection(ProjectConfigurationPlatforms) = postSolution
		{DFE143CF-C572-4907-BD77-11A9F8D7D79B}.Debug|Any CPU.ActiveCfg = Debug|Any CPU
		{DFE143CF-C572-4907-BD77-11A9F8D7D79B}.Debug|Any CPU.Build.0 = Debug|Any CPU
		{DFE143CF-C572-4907-BD77-11A9F8D7D79B}.Release|Any CPU.ActiveCfg = Release|Any CPU
		{DFE143CF-C572-4907-BD77-11A9F8D7D79B}.Release|Any CPU.Build.0 = Release|Any CPU
	EndGlobalSection
	GlobalSection(SolutionProperties) = preSolution
		HideSolutionNode = FALSE
	EndGlobalSection
	GlobalSection(ExtensibilityGlobals) = postSolution
		SolutionGuid = {AB6683A7-495A-445F-B6D9-22034294AF36}
	EndGlobalSection
EndGlobal
